
Microsoft Visual Studio Solution File, Format Version 12.00
# Visual Studio Version 17
VisualStudioVersion = 17.14.36603.0 d17.14
MinimumVisualStudioVersion = 10.0.40219.1
Project("{FAE04EC0-301F-11D3-BF4B-00C04F79EFBC}") = "icha alsyaffa sessa x pplg2", "icha alsyaffa sessa x pplg2\icha alsyaffa sessa x pplg2.csproj", "{4EA957DE-DC1F-4917-B1D1-2B84C29B2941}"
EndProject
Global
	GlobalSection(SolutionConfigurationPlatforms) = preSolution
		Debug|Any CPU = Debug|Any CPU
		Release|Any CPU = Release|Any CPU
	EndGlobalSection
	GlobalSection(ProjectConfigurationPlatforms) = postSolution
		{4EA957DE-DC1F-4917-B1D1-2B84C29B2941}.Debug|Any CPU.ActiveCfg = Debug|Any CPU
		{4EA957DE-DC1F-4917-B1D1-2B84C29B2941}.Debug|Any CPU.Build.0 = Debug|Any CPU
		{4EA957DE-DC1F-4917-B1D1-2B84C29B2941}.Release|Any CPU.ActiveCfg = Release|Any CPU
		{4EA957DE-DC1F-4917-B1D1-2B84C29B2941}.Release|Any CPU.Build.0 = Release|Any CPU
	EndGlobalSection
	GlobalSection(SolutionProperties) = preSolution
		HideSolutionNode = FALSE
	EndGlobalSection
	GlobalSection(ExtensibilityGlobals) = postSolution
		SolutionGuid = {A7AC1030-8901-40BA-B905-151A3677AFCB}
	EndGlobalSection
EndGlobal
